# Generated by pub
# See https://dart.dev/tools/pub/glossary#lockfile
packages:
  data:
    dependency: "direct main"
    description:
      path: "../data"
      relative: true
    source: path
    version: "0.0.0"
  domain:
    dependency: "direct main"
    description:
      path: "../domain"
      relative: true
    source: path
    version: "0.0.0"
  presentation:
    dependency: "direct main"
    description:
      path: "../presentation"
      relative: true
    source: path
    version: "0.0.0"
sdks:
  dart: ">=3.9.2 <4.0.0"
  flutter: ">=1.17.0"
